
Microsoft Visual Studio Solution File, Format Version 12.00
# Visual Studio Version 17
VisualStudioVersion = 17.13.35931.197 d17.13
MinimumVisualStudioVersion = 10.0.40219.1
Project("{FAE04EC0-301F-11D3-BF4B-00C04F79EFBC}") = "Clinic", "Clinic\Clinic.csproj", "{AB51F68D-6926-4FD1-A17E-EF3D3C752882}"
EndProject
Global
	GlobalSection(SolutionConfigurationPlatforms) = preSolution
		Debug|Any CPU = Debug|Any CPU
		Release|Any CPU = Release|Any CPU
	EndGlobalSection
	GlobalSection(ProjectConfigurationPlatforms) = postSolution
		{AB51F68D-6926-4FD1-A17E-EF3D3C752882}.Debug|Any CPU.ActiveCfg = Debug|Any CPU
		{AB51F68D-6926-4FD1-A17E-EF3D3C752882}.Debug|Any CPU.Build.0 = Debug|Any CPU
		{AB51F68D-6926-4FD1-A17E-EF3D3C752882}.Release|Any CPU.ActiveCfg = Release|Any CPU
		{AB51F68D-6926-4FD1-A17E-EF3D3C752882}.Release|Any CPU.Build.0 = Release|Any CPU
	EndGlobalSection
	GlobalSection(SolutionProperties) = preSolution
		HideSolutionNode = FALSE
	EndGlobalSection
	GlobalSection(ExtensibilityGlobals) = postSolution
		SolutionGuid = {D1FE5279-06F4-4CFA-B2B4-6331F66BFAF5}
	EndGlobalSection
EndGlobal
